{
  "meteor": {},
  "dependencies": {
    "basePackages": {
      "iron-router": {},
      "fast-render": {},
      "bourbon-scss": {},
      "neat-scss": {},
      "foundation": {
        "git": "https://github.com/stevezhu/meteor-foundation-scss.git",
        "branch": "master"
      },
      "font-awesome-scss": {
        "git": "https://github.com/stevezhu/meteor-font-awesome-scss.git",
        "branch": "master"
      },
      "observatory": {},
      "moment": {},
      "pickadate.js-scss": {}
    },
    "packages": {
      "iron-router": {
        "git": "https://github.com/EventedMind/iron-router.git",
        "tag": "v0.6.2",
        "commit": "ce56e58b45624dce992490f3a1c10f10d3948bae"
      },
      "fast-render": {
        "git": "https://github.com/arunoda/meteor-fast-render.git",
        "tag": "v0.1.12",
        "commit": "b190f1592401f4084ce54b8f713b134e35a4e0db"
      },
      "bourbon-scss": {
        "git": "https://github.com/stevezhu/meteor-bourbon.git",
        "tag": "v3.1.8.4",
        "commit": "9c36e7bbc40ab7b8930a45a6bf0b41b0d582eaf1"
      },
      "neat-scss": {
        "git": "https://github.com/stevezhu/meteor-neat.git",
        "tag": "v1.5.0.7",
        "commit": "1a3c439a121c1017b50b10d75657837f6cd8298d"
      },
      "foundation": {
        "git": "https://github.com/stevezhu/meteor-foundation-scss.git",
        "branch": "master",
        "commit": "9225ff3e4609d1fa817bbac4adc9849d7a4ba00e"
      },
      "font-awesome-scss": {
        "git": "https://github.com/stevezhu/meteor-font-awesome-scss.git",
        "branch": "master",
        "commit": "677a2277a8b21eda68307427144b37ce8037c633"
      },
      "observatory": {
        "git": "https://github.com/jhoxray/observatory.git",
        "tag": "v0.3.21",
        "commit": "3d6b436af0a70b784d0f9ec4709907c77bd4fd63"
      },
      "moment": {
        "git": "https://github.com/acreeger/meteor-moment.git",
        "tag": "v2.5.1",
        "commit": "8c9bc5d3fc96705057737cb9743d555417f6e551"
      },
      "pickadate.js-scss": {
        "git": "https://github.com/stevezhu/meteor-pickadate.js-scss.git",
        "tag": "v3.3.21",
        "commit": "f62fea12ca4a081752568e930b2b50fd8f113a76"
      },
      "jquery": {
        "git": "https://github.com/nrafter/meteor-jquery.git",
        "tag": "v2.0.31",
        "commit": "3edf878d51e6f03eff70e1a7a969a19f42b6f1a1"
      },
      "normalize.css": {
        "git": "https://github.com/stevezhu/meteor-normalize.git",
        "tag": "v2.1.3.1",
        "commit": "16c1a484021a6bb2524c9ad87d082cc4c7abacf5"
      },
      "observatory-apollo": {
        "git": "https://github.com/superstringsoftware/observatory-apollo.git",
        "tag": "v0.3.2",
        "commit": "f704848187a4da2bd179864ae80a1f73a3fd22a6"
      },
      "observatory-galileo": {
        "git": "https://github.com/superstringsoftware/observatory-galileo.git",
        "branch": "master",
        "commit": "f21b80e6502d38a7ce66206374b706f2cbd0228d"
      }
    }
  }
}
